{
  "repository": "https://github.com/NVIDIA-NeMo/Switchyard.git",
  "commit": "9a743e89223a0d5b14011f1226d5b068f730a3b8",
  "patch": "patches/switchyard-codex-compat.patch",
  "patchSha256": "02b677e36bb0a14eea440c2b8c098e43ac3234a6db3e94b682a5667e792a4cb8",
  "rustToolchain": "1.96.1",
  "binary": "target/release/switchyard-server.exe"
}
